
Microsoft Visual Studio Solution File, Format Version 12.00
# Visual Studio Version 16
VisualStudioVersion = 16.0.29411.108
MinimumVisualStudioVersion = 10.0.40219.1
Project("{9A19103F-16F7-4668-BE54-9A1E7A4F7556}") = "Uppgift2", "Uppgift2\Uppgift2.csproj", "{6ABEB06E-E96D-47C6-B977-58628AEEA773}"
EndProject
Project("{FAE04EC0-301F-11D3-BF4B-00C04F79EFBC}") = "XUnitTest", "XUnitTest\XUnitTest.csproj", "{A5DC1678-A28C-444D-BA44-085F87ABA1E2}"
	ProjectSection(ProjectDependencies) = postProject
		{6ABEB06E-E96D-47C6-B977-58628AEEA773} = {6ABEB06E-E96D-47C6-B977-58628AEEA773}
	EndProjectSection
EndProject
Global
	GlobalSection(SolutionConfigurationPlatforms) = preSolution
		Debug|Any CPU = Debug|Any CPU
		Release|Any CPU = Release|Any CPU
	EndGlobalSection
	GlobalSection(ProjectConfigurationPlatforms) = postSolution
		{6ABEB06E-E96D-47C6-B977-58628AEEA773}.Debug|Any CPU.ActiveCfg = Debug|Any CPU
		{6ABEB06E-E96D-47C6-B977-58628AEEA773}.Debug|Any CPU.Build.0 = Debug|Any CPU
		{6ABEB06E-E96D-47C6-B977-58628AEEA773}.Release|Any CPU.ActiveCfg = Release|Any CPU
		{6ABEB06E-E96D-47C6-B977-58628AEEA773}.Release|Any CPU.Build.0 = Release|Any CPU
		{A5DC1678-A28C-444D-BA44-085F87ABA1E2}.Debug|Any CPU.ActiveCfg = Debug|Any CPU
		{A5DC1678-A28C-444D-BA44-085F87ABA1E2}.Debug|Any CPU.Build.0 = Debug|Any CPU
		{A5DC1678-A28C-444D-BA44-085F87ABA1E2}.Release|Any CPU.ActiveCfg = Release|Any CPU
		{A5DC1678-A28C-444D-BA44-085F87ABA1E2}.Release|Any CPU.Build.0 = Release|Any CPU
	EndGlobalSection
	GlobalSection(SolutionProperties) = preSolution
		HideSolutionNode = FALSE
	EndGlobalSection
	GlobalSection(ExtensibilityGlobals) = postSolution
		SolutionGuid = {1E4B8B1A-AA9F-4D12-AE06-78D349FE4306}
	EndGlobalSection
EndGlobal
